// !$*UTF8*$!
{
	archiveVersion = 1;
	classes = {
	};
	objectVersion = 48;
	objects = {

/* Begin PBXBuildFile section */
		3B24686E21AEB706001FC9A3 /* LaunchScreen.xib in Resources */ = {isa = PBXBuildFile; fileRef = 3B24686D21AEB706001FC9A3 /* LaunchScreen.xib */; };
		3BA6882B21A5963300972490 /* esteid2018.pem.crt in Resources */ = {isa = PBXBuildFile; fileRef = 3BA6882821A5963200972490 /* esteid2018.pem.crt */; };
		3BA6882D21A5963300972490 /* TEST_of_ESTEID2018.pem.crt in Resources */ = {isa = PBXBuildFile; fileRef = 3BA6882A21A5963300972490 /* TEST_of_ESTEID2018.pem.crt */; };
		3BA6882F21A5993700972490 /* conf_server_certificate.der.crt in Resources */ = {isa = PBXBuildFile; fileRef = 3BA6882E21A5993700972490 /* conf_server_certificate.der.crt */; };
		3BAFBA481F30C5E200E5F92F /* TEST_of_ESTEID-SK_2011.pem.crt in Resources */ = {isa = PBXBuildFile; fileRef = 3BAFBA461F30C5E200E5F92F /* TEST_of_ESTEID-SK_2011.pem.crt */; };
		3BAFBA491F30C5E200E5F92F /* TEST_of_ESTEID-SK_2015.pem.crt in Resources */ = {isa = PBXBuildFile; fileRef = 3BAFBA471F30C5E200E5F92F /* TEST_of_ESTEID-SK_2015.pem.crt */; };
		3BE786FB1F98A5B900034531 /* DNSResolver.m in Sources */ = {isa = PBXBuildFile; fileRef = 3BE786FA1F98A5B800034531 /* DNSResolver.m */; };
		CF39BE3B18ACFF6200EDAD25 /* ico_note.png in Resources */ = {isa = PBXBuildFile; fileRef = CF39BE3718ACFF6200EDAD25 /* ico_note.png */; };
		CF39BE3C18ACFF6200EDAD25 /* ico_note@2x.png in Resources */ = {isa = PBXBuildFile; fileRef = CF39BE3818ACFF6200EDAD25 /* ico_note@2x.png */; };
		CF39BE3D18ACFF6200EDAD25 /* spinner.png in Resources */ = {isa = PBXBuildFile; fileRef = CF39BE3918ACFF6200EDAD25 /* spinner.png */; };
		CF39BE3E18ACFF6200EDAD25 /* spinner@2x.png in Resources */ = {isa = PBXBuildFile; fileRef = CF39BE3A18ACFF6200EDAD25 /* spinner@2x.png */; };
		CF48A47B18FE70310062057A /* ico_76x76.png in Resources */ = {isa = PBXBuildFile; fileRef = CF48A47218FE70310062057A /* ico_76x76.png */; };
		CF48A47C18FE70310062057A /* ico_120x120.png in Resources */ = {isa = PBXBuildFile; fileRef = CF48A47318FE70310062057A /* ico_120x120.png */; };
		CF48A47D18FE70310062057A /* ico_152x152.png in Resources */ = {isa = PBXBuildFile; fileRef = CF48A47418FE70310062057A /* ico_152x152.png */; };
		CF48A47E18FE70310062057A /* icon_57.png in Resources */ = {isa = PBXBuildFile; fileRef = CF48A47518FE70310062057A /* icon_57.png */; };
		CF48A47F18FE70310062057A /* icon_114.png in Resources */ = {isa = PBXBuildFile; fileRef = CF48A47618FE70310062057A /* icon_114.png */; };
		CF48A48018FE70310062057A /* icon_1024.png in Resources */ = {isa = PBXBuildFile; fileRef = CF48A47718FE70310062057A /* icon_1024.png */; };
		CF510B1F1896873300B13BAC /* Foundation.framework in Frameworks */ = {isa = PBXBuildFile; fileRef = CF510B1E1896873300B13BAC /* Foundation.framework */; };
		CF510B211896873300B13BAC /* CoreGraphics.framework in Frameworks */ = {isa = PBXBuildFile; fileRef = CF510B201896873300B13BAC /* CoreGraphics.framework */; };
		CF510B231896873300B13BAC /* UIKit.framework in Frameworks */ = {isa = PBXBuildFile; fileRef = CF510B221896873300B13BAC /* UIKit.framework */; };
		CF657DA1189FC5BC002C2394 /* VoteVerificationResultsViewController.m in Sources */ = {isa = PBXBuildFile; fileRef = CF657D9F189FC5BC002C2394 /* VoteVerificationResultsViewController.m */; };
		CF657DA2189FC5BC002C2394 /* VoteVerificationResultsViewController.xib in Resources */ = {isa = PBXBuildFile; fileRef = CF657DA0189FC5BC002C2394 /* VoteVerificationResultsViewController.xib */; };
		CF657DA518A10D81002C2394 /* QRScanResult.m in Sources */ = {isa = PBXBuildFile; fileRef = CF657DA418A10D80002C2394 /* QRScanResult.m */; };
		CF657DA818A1269F002C2394 /* Crypto.m in Sources */ = {isa = PBXBuildFile; fileRef = CF657DA718A1269F002C2394 /* Crypto.m */; };
		CF6F86EF1897B29D0021925E /* AVFoundation.framework in Frameworks */ = {isa = PBXBuildFile; fileRef = CF6F86EE1897B29D0021925E /* AVFoundation.framework */; };
		CF8AF46C1898EFFB00E19FB3 /* AppDelegate.m in Sources */ = {isa = PBXBuildFile; fileRef = CF8AF46A1898EFFB00E19FB3 /* AppDelegate.m */; };
		CF8AF4701898F00800E19FB3 /* Request.m in Sources */ = {isa = PBXBuildFile; fileRef = CF8AF46F1898F00800E19FB3 /* Request.m */; };
		CF8AF4761898F02300E19FB3 /* config.txt in Resources */ = {isa = PBXBuildFile; fileRef = CF8AF4751898F02300E19FB3 /* config.txt */; };
		CF8AF47A1898F02C00E19FB3 /* ScannerViewController.m in Sources */ = {isa = PBXBuildFile; fileRef = CF8AF4781898F02C00E19FB3 /* ScannerViewController.m */; };
		CF8AF47B1898F02C00E19FB3 /* ScannerViewController.xib in Resources */ = {isa = PBXBuildFile; fileRef = CF8AF4791898F02C00E19FB3 /* ScannerViewController.xib */; };
		CF8AF47E1898F03500E19FB3 /* Config.m in Sources */ = {isa = PBXBuildFile; fileRef = CF8AF47D1898F03500E19FB3 /* Config.m */; };
		CF8AF4821898F05200E19FB3 /* main.m in Sources */ = {isa = PBXBuildFile; fileRef = CF8AF47F1898F05200E19FB3 /* main.m */; };
		CF8AF49218990F4000E19FB3 /* ALCustomAlertView.m in Sources */ = {isa = PBXBuildFile; fileRef = CF8AF49118990F4000E19FB3 /* ALCustomAlertView.m */; };
		CF8AF49B18994E6600E19FB3 /* UIColor+Hex.m in Sources */ = {isa = PBXBuildFile; fileRef = CF8AF49A18994E6600E19FB3 /* UIColor+Hex.m */; };
		CF8AF4AC189A877B00E19FB3 /* VoteContainer.m in Sources */ = {isa = PBXBuildFile; fileRef = CF8AF4AB189A877B00E19FB3 /* VoteContainer.m */; };
		CF8AF4AF189A884400E19FB3 /* NSString+URLEncoding.m in Sources */ = {isa = PBXBuildFile; fileRef = CF8AF4AE189A884400E19FB3 /* NSString+URLEncoding.m */; };
		CF8AF4B3189BB72A00E19FB3 /* RegexMatcher.m in Sources */ = {isa = PBXBuildFile; fileRef = CF8AF4B2189BB72A00E19FB3 /* RegexMatcher.m */; };
		CFCA4A1218ABA4320017C2ED /* VerificationResultCandidateCell.m in Sources */ = {isa = PBXBuildFile; fileRef = CFCA4A1118ABA4320017C2ED /* VerificationResultCandidateCell.m */; };
		CFCA4A1418ABA4560017C2ED /* VerificationResultCandidateCell.xib in Resources */ = {isa = PBXBuildFile; fileRef = CFCA4A1318ABA4560017C2ED /* VerificationResultCandidateCell.xib */; };
		CFCA4A1718ABC4630017C2ED /* AuthenticationChallengeHandler.m in Sources */ = {isa = PBXBuildFile; fileRef = CFCA4A1618ABC4630017C2ED /* AuthenticationChallengeHandler.m */; };
		CFCA4A1C18ACC0110017C2ED /* HelpViewController.m in Sources */ = {isa = PBXBuildFile; fileRef = CFCA4A1A18ACC0110017C2ED /* HelpViewController.m */; };
		CFCA4A1D18ACC0110017C2ED /* HelpViewController.xib in Resources */ = {isa = PBXBuildFile; fileRef = CFCA4A1B18ACC0110017C2ED /* HelpViewController.xib */; };
		CFEB5B4C18D305D2003278CD /* btn_close.png in Resources */ = {isa = PBXBuildFile; fileRef = CFEB5B4A18D305D2003278CD /* btn_close.png */; };
		CFEB5B4D18D305D2003278CD /* btn_close@2x.png in Resources */ = {isa = PBXBuildFile; fileRef = CFEB5B4B18D305D2003278CD /* btn_close@2x.png */; };
		EA10E6301E4DC74B00411179 /* NSData+Hex.m in Sources */ = {isa = PBXBuildFile; fileRef = EA10E62F1E4DC74B00411179 /* NSData+Hex.m */; };
		EA10E6B61E54592B00411179 /* libcrypto.a in Frameworks */ = {isa = PBXBuildFile; fileRef = EA10E6961E54591E00411179 /* libcrypto.a */; };
		EA10E6B71E54592B00411179 /* libssl.a in Frameworks */ = {isa = PBXBuildFile; fileRef = EA10E6971E54591E00411179 /* libssl.a */; };
		EA10E6BD1E549B8200411179 /* ElgamalPub.m in Sources */ = {isa = PBXBuildFile; fileRef = EA10E6BC1E549B8200411179 /* ElgamalPub.m */; };
		EA10E6C21E5C63A800411179 /* Bdoc.m in Sources */ = {isa = PBXBuildFile; fileRef = EA10E6C11E5C63A700411179 /* Bdoc.m */; };
		EA2BD0741E4884960056055C /* TlsSocket.m in Sources */ = {isa = PBXBuildFile; fileRef = EA2BD0731E4884960056055C /* TlsSocket.m */; };
		EA2BD0771E49FB150056055C /* JsonRpc.m in Sources */ = {isa = PBXBuildFile; fileRef = EA2BD0761E49FB150056055C /* JsonRpc.m */; };
		EA3DDDF91F28900500D55F7B /* ESTEID-SK_2011.pem.crt in Resources */ = {isa = PBXBuildFile; fileRef = EA3DDDF71F28900500D55F7B /* ESTEID-SK_2011.pem.crt */; };
		EA3DDDFA1F28900500D55F7B /* ESTEID-SK_2015.pem.crt in Resources */ = {isa = PBXBuildFile; fileRef = EA3DDDF81F28900500D55F7B /* ESTEID-SK_2015.pem.crt */; };
		EA415AB11EEACF6000A19F92 /* OcspHelper.m in Sources */ = {isa = PBXBuildFile; fileRef = EA415AB01EEACF5F00A19F92 /* OcspHelper.m */; };
		EA61A7A41EF1679500165678 /* ElGamalCiphertext.c in Sources */ = {isa = PBXBuildFile; fileRef = EA61A7A21EF1679500165678 /* ElGamalCiphertext.c */; };
		EA61A7AD1F01352000165678 /* PkixHelper.m in Sources */ = {isa = PBXBuildFile; fileRef = EA61A7AC1F01352000165678 /* PkixHelper.m */; };
		EA8634881E5C8DC900D843C9 /* libZipZap.a in Frameworks */ = {isa = PBXBuildFile; fileRef = EA10E6C91E5C815D00411179 /* libZipZap.a */; };
		EA86348A1E5C91B000D843C9 /* libz.tbd in Frameworks */ = {isa = PBXBuildFile; fileRef = EA8634891E5C91B000D843C9 /* libz.tbd */; };
		EA86348C1E646A4E00D843C9 /* libxml2.2.tbd in Frameworks */ = {isa = PBXBuildFile; fileRef = EA86348B1E646A4E00D843C9 /* libxml2.2.tbd */; };
		EA86C7361F26252100816BFE /* NSMutableArray+Shuffle.m in Sources */ = {isa = PBXBuildFile; fileRef = EA86C7351F26252100816BFE /* NSMutableArray+Shuffle.m */; };
		EAAF61D21F1CE2ED006D077E /* PkixNonce.c in Sources */ = {isa = PBXBuildFile; fileRef = EAAF61D11F1CE2ED006D077E /* PkixNonce.c */; };
/* End PBXBuildFile section */

/* Begin PBXFileReference section */
		3B24686D21AEB706001FC9A3 /* LaunchScreen.xib */ = {isa = PBXFileReference; fileEncoding = 4; lastKnownFileType = file.xib; name = LaunchScreen.xib; path = VVK/LaunchScreen.xib; sourceTree = SOURCE_ROOT; };
		3BA6882821A5963200972490 /* esteid2018.pem.crt */ = {isa = PBXFileReference; fileEncoding = 4; lastKnownFileType = text; name = esteid2018.pem.crt; path = VVK/cert/esteid2018.pem.crt; sourceTree = SOURCE_ROOT; };
		3BA6882A21A5963300972490 /* TEST_of_ESTEID2018.pem.crt */ = {isa = PBXFileReference; fileEncoding = 4; lastKnownFileType = text; name = TEST_of_ESTEID2018.pem.crt; path = VVK/cert/TEST_of_ESTEID2018.pem.crt; sourceTree = SOURCE_ROOT; };
		3BA6882E21A5993700972490 /* conf_server_certificate.der.crt */ = {isa = PBXFileReference; lastKnownFileType = file; name = conf_server_certificate.der.crt; path = VVK/cert/conf_server_certificate.der.crt; sourceTree = SOURCE_ROOT; };
		3BAFBA461F30C5E200E5F92F /* TEST_of_ESTEID-SK_2011.pem.crt */ = {isa = PBXFileReference; fileEncoding = 4; lastKnownFileType = text; name = "TEST_of_ESTEID-SK_2011.pem.crt"; path = "VVK/cert/TEST_of_ESTEID-SK_2011.pem.crt"; sourceTree = SOURCE_ROOT; };
		3BAFBA471F30C5E200E5F92F /* TEST_of_ESTEID-SK_2015.pem.crt */ = {isa = PBXFileReference; fileEncoding = 4; lastKnownFileType = text; name = "TEST_of_ESTEID-SK_2015.pem.crt"; path = "VVK/cert/TEST_of_ESTEID-SK_2015.pem.crt"; sourceTree = SOURCE_ROOT; };
		3BE786F91F98A5B700034531 /* DNSResolver.h */ = {isa = PBXFileReference; fileEncoding = 4; lastKnownFileType = sourcecode.c.h; name = DNSResolver.h; path = VVK/DNSResolver.h; sourceTree = SOURCE_ROOT; };
		3BE786FA1F98A5B800034531 /* DNSResolver.m */ = {isa = PBXFileReference; fileEncoding = 4; lastKnownFileType = sourcecode.c.objc; name = DNSResolver.m; path = VVK/DNSResolver.m; sourceTree = SOURCE_ROOT; };
		CF39BE3718ACFF6200EDAD25 /* ico_note.png */ = {isa = PBXFileReference; lastKnownFileType = image.png; name = ico_note.png; path = VVK/images/ico_note.png; sourceTree = SOURCE_ROOT; };
		CF39BE3818ACFF6200EDAD25 /* ico_note@2x.png */ = {isa = PBXFileReference; lastKnownFileType = image.png; name = "ico_note@2x.png"; path = "VVK/images/ico_note@2x.png"; sourceTree = SOURCE_ROOT; };
		CF39BE3918ACFF6200EDAD25 /* spinner.png */ = {isa = PBXFileReference; lastKnownFileType = image.png; name = spinner.png; path = VVK/images/spinner.png; sourceTree = SOURCE_ROOT; };
		CF39BE3A18ACFF6200EDAD25 /* spinner@2x.png */ = {isa = PBXFileReference; lastKnownFileType = image.png; name = "spinner@2x.png"; path = "VVK/images/spinner@2x.png"; sourceTree = SOURCE_ROOT; };
		CF48A47218FE70310062057A /* ico_76x76.png */ = {isa = PBXFileReference; lastKnownFileType = image.png; name = ico_76x76.png; path = VVK/images/ico_76x76.png; sourceTree = SOURCE_ROOT; };
		CF48A47318FE70310062057A /* ico_120x120.png */ = {isa = PBXFileReference; lastKnownFileType = image.png; name = ico_120x120.png; path = VVK/images/ico_120x120.png; sourceTree = SOURCE_ROOT; };
		CF48A47418FE70310062057A /* ico_152x152.png */ = {isa = PBXFileReference; lastKnownFileType = image.png; name = ico_152x152.png; path = VVK/images/ico_152x152.png; sourceTree = SOURCE_ROOT; };
		CF48A47518FE70310062057A /* icon_57.png */ = {isa = PBXFileReference; lastKnownFileType = image.png; name = icon_57.png; path = VVK/images/icon_57.png; sourceTree = SOURCE_ROOT; };
		CF48A47618FE70310062057A /* icon_114.png */ = {isa = PBXFileReference; lastKnownFileType = image.png; name = icon_114.png; path = VVK/images/icon_114.png; sourceTree = SOURCE_ROOT; };
		CF48A47718FE70310062057A /* icon_1024.png */ = {isa = PBXFileReference; lastKnownFileType = image.png; name = icon_1024.png; path = VVK/images/icon_1024.png; sourceTree = SOURCE_ROOT; };
		CF510B1B1896873300B13BAC /* EH kontrollrakendus.app */ = {isa = PBXFileReference; explicitFileType = wrapper.application; includeInIndex = 0; path = "EH kontrollrakendus.app"; sourceTree = BUILT_PRODUCTS_DIR; };
		CF510B1E1896873300B13BAC /* Foundation.framework */ = {isa = PBXFileReference; lastKnownFileType = wrapper.framework; name = Foundation.framework; path = System/Library/Frameworks/Foundation.framework; sourceTree = SDKROOT; };
		CF510B201896873300B13BAC /* CoreGraphics.framework */ = {isa = PBXFileReference; lastKnownFileType = wrapper.framework; name = CoreGraphics.framework; path = System/Library/Frameworks/CoreGraphics.framework; sourceTree = SDKROOT; };
		CF510B221896873300B13BAC /* UIKit.framework */ = {isa = PBXFileReference; lastKnownFileType = wrapper.framework; name = UIKit.framework; path = System/Library/Frameworks/UIKit.framework; sourceTree = SDKROOT; };
		CF657D9E189FC5BC002C2394 /* VoteVerificationResultsViewController.h */ = {isa = PBXFileReference; fileEncoding = 4; lastKnownFileType = sourcecode.c.h; name = VoteVerificationResultsViewController.h; path = VVK/VoteVerificationResultsViewController.h; sourceTree = SOURCE_ROOT; };
		CF657D9F189FC5BC002C2394 /* VoteVerificationResultsViewController.m */ = {isa = PBXFileReference; fileEncoding = 4; lastKnownFileType = sourcecode.c.objc; name = VoteVerificationResultsViewController.m; path = VVK/VoteVerificationResultsViewController.m; sourceTree = SOURCE_ROOT; };
		CF657DA0189FC5BC002C2394 /* VoteVerificationResultsViewController.xib */ = {isa = PBXFileReference; fileEncoding = 4; lastKnownFileType = file.xib; name = VoteVerificationResultsViewController.xib; path = VVK/VoteVerificationResultsViewController.xib; sourceTree = SOURCE_ROOT; };
		CF657DA318A10D80002C2394 /* QRScanResult.h */ = {isa = PBXFileReference; fileEncoding = 4; lastKnownFileType = sourcecode.c.h; name = QRScanResult.h; path = VVK/QRScanResult.h; sourceTree = SOURCE_ROOT; };
		CF657DA418A10D80002C2394 /* QRScanResult.m */ = {isa = PBXFileReference; fileEncoding = 4; lastKnownFileType = sourcecode.c.objc; name = QRScanResult.m; path = VVK/QRScanResult.m; sourceTree = SOURCE_ROOT; };
		CF657DA618A1269F002C2394 /* Crypto.h */ = {isa = PBXFileReference; fileEncoding = 4; lastKnownFileType = sourcecode.c.h; name = Crypto.h; path = VVK/Crypto.h; sourceTree = SOURCE_ROOT; };
		CF657DA718A1269F002C2394 /* Crypto.m */ = {isa = PBXFileReference; explicitFileType = sourcecode.c.objc; fileEncoding = 4; name = Crypto.m; path = VVK/Crypto.m; sourceTree = SOURCE_ROOT; };
		CF657DB018A392EF002C2394 /* libcrypto.a */ = {isa = PBXFileReference; lastKnownFileType = archive.ar; name = libcrypto.a; path = VVK/libs/openssl/lib/libcrypto.a; sourceTree = "<group>"; };
		CF657DB118A392EF002C2394 /* libssl.a */ = {isa = PBXFileReference; lastKnownFileType = archive.ar; name = libssl.a; path = VVK/libs/openssl/lib/libssl.a; sourceTree = "<group>"; };
		CF6F86EE1897B29D0021925E /* AVFoundation.framework */ = {isa = PBXFileReference; lastKnownFileType = wrapper.framework; name = AVFoundation.framework; path = System/Library/Frameworks/AVFoundation.framework; sourceTree = SDKROOT; };
		CF8AF4691898EFFB00E19FB3 /* AppDelegate.h */ = {isa = PBXFileReference; fileEncoding = 4; lastKnownFileType = sourcecode.c.h; name = AppDelegate.h; path = VVK/AppDelegate.h; sourceTree = SOURCE_ROOT; };
		CF8AF46A1898EFFB00E19FB3 /* AppDelegate.m */ = {isa = PBXFileReference; fileEncoding = 4; lastKnownFileType = sourcecode.c.objc; name = AppDelegate.m; path = VVK/AppDelegate.m; sourceTree = SOURCE_ROOT; };
		CF8AF46E1898F00800E19FB3 /* Request.h */ = {isa = PBXFileReference; fileEncoding = 4; lastKnownFileType = sourcecode.c.h; name = Request.h; path = VVK/Request.h; sourceTree = SOURCE_ROOT; };
		CF8AF46F1898F00800E19FB3 /* Request.m */ = {isa = PBXFileReference; fileEncoding = 4; lastKnownFileType = sourcecode.c.objc; name = Request.m; path = VVK/Request.m; sourceTree = SOURCE_ROOT; };
		CF8AF4751898F02300E19FB3 /* config.txt */ = {isa = PBXFileReference; fileEncoding = 4; lastKnownFileType = text; name = config.txt; path = VVK/conf/config.txt; sourceTree = SOURCE_ROOT; };
		CF8AF4771898F02C00E19FB3 /* ScannerViewController.h */ = {isa = PBXFileReference; fileEncoding = 4; lastKnownFileType = sourcecode.c.h; name = ScannerViewController.h; path = VVK/ScannerViewController.h; sourceTree = SOURCE_ROOT; };
		CF8AF4781898F02C00E19FB3 /* ScannerViewController.m */ = {isa = PBXFileReference; fileEncoding = 4; lastKnownFileType = sourcecode.c.objc; name = ScannerViewController.m; path = VVK/ScannerViewController.m; sourceTree = SOURCE_ROOT; };
		CF8AF4791898F02C00E19FB3 /* ScannerViewController.xib */ = {isa = PBXFileReference; fileEncoding = 4; lastKnownFileType = file.xib; name = ScannerViewController.xib; path = VVK/ScannerViewController.xib; sourceTree = SOURCE_ROOT; };
		CF8AF47C1898F03500E19FB3 /* Config.h */ = {isa = PBXFileReference; fileEncoding = 4; lastKnownFileType = sourcecode.c.h; name = Config.h; path = VVK/Config.h; sourceTree = SOURCE_ROOT; };
		CF8AF47D1898F03500E19FB3 /* Config.m */ = {isa = PBXFileReference; fileEncoding = 4; lastKnownFileType = sourcecode.c.objc; name = Config.m; path = VVK/Config.m; sourceTree = SOURCE_ROOT; };
		CF8AF47F1898F05200E19FB3 /* main.m */ = {isa = PBXFileReference; fileEncoding = 4; lastKnownFileType = sourcecode.c.objc; name = main.m; path = VVK/main.m; sourceTree = SOURCE_ROOT; };
		CF8AF4801898F05200E19FB3 /* VVK-Info.plist */ = {isa = PBXFileReference; fileEncoding = 4; lastKnownFileType = text.plist.xml; name = "VVK-Info.plist"; path = "VVK/VVK-Info.plist"; sourceTree = SOURCE_ROOT; };
		CF8AF4811898F05200E19FB3 /* VVK-Prefix.pch */ = {isa = PBXFileReference; fileEncoding = 4; lastKnownFileType = sourcecode.c.h; name = "VVK-Prefix.pch"; path = "VVK/VVK-Prefix.pch"; sourceTree = SOURCE_ROOT; };
		CF8AF49018990F4000E19FB3 /* ALCustomAlertView.h */ = {isa = PBXFileReference; fileEncoding = 4; lastKnownFileType = sourcecode.c.h; name = ALCustomAlertView.h; path = VVK/ALCustomAlertView.h; sourceTree = SOURCE_ROOT; };
		CF8AF49118990F4000E19FB3 /* ALCustomAlertView.m */ = {isa = PBXFileReference; fileEncoding = 4; lastKnownFileType = sourcecode.c.objc; name = ALCustomAlertView.m; path = VVK/ALCustomAlertView.m; sourceTree = SOURCE_ROOT; };
		CF8AF49918994E6600E19FB3 /* UIColor+Hex.h */ = {isa = PBXFileReference; fileEncoding = 4; lastKnownFileType = sourcecode.c.h; name = "UIColor+Hex.h"; path = "VVK/UIColor+Hex.h"; sourceTree = SOURCE_ROOT; };
		CF8AF49A18994E6600E19FB3 /* UIColor+Hex.m */ = {isa = PBXFileReference; fileEncoding = 4; lastKnownFileType = sourcecode.c.objc; name = "UIColor+Hex.m"; path = "VVK/UIColor+Hex.m"; sourceTree = SOURCE_ROOT; };
		CF8AF4AA189A877B00E19FB3 /* VoteContainer.h */ = {isa = PBXFileReference; fileEncoding = 4; lastKnownFileType = sourcecode.c.h; name = VoteContainer.h; path = VVK/VoteContainer.h; sourceTree = SOURCE_ROOT; };
		CF8AF4AB189A877B00E19FB3 /* VoteContainer.m */ = {isa = PBXFileReference; fileEncoding = 4; lastKnownFileType = sourcecode.c.objc; name = VoteContainer.m; path = VVK/VoteContainer.m; sourceTree = SOURCE_ROOT; };
		CF8AF4AD189A884400E19FB3 /* NSString+URLEncoding.h */ = {isa = PBXFileReference; fileEncoding = 4; lastKnownFileType = sourcecode.c.h; name = "NSString+URLEncoding.h"; path = "VVK/NSString+URLEncoding.h"; sourceTree = SOURCE_ROOT; };
		CF8AF4AE189A884400E19FB3 /* NSString+URLEncoding.m */ = {isa = PBXFileReference; fileEncoding = 4; lastKnownFileType = sourcecode.c.objc; name = "NSString+URLEncoding.m"; path = "VVK/NSString+URLEncoding.m"; sourceTree = SOURCE_ROOT; };
		CF8AF4B1189BB72A00E19FB3 /* RegexMatcher.h */ = {isa = PBXFileReference; fileEncoding = 4; lastKnownFileType = sourcecode.c.h; name = RegexMatcher.h; path = VVK/RegexMatcher.h; sourceTree = SOURCE_ROOT; };
		CF8AF4B2189BB72A00E19FB3 /* RegexMatcher.m */ = {isa = PBXFileReference; fileEncoding = 4; lastKnownFileType = sourcecode.c.objc; name = RegexMatcher.m; path = VVK/RegexMatcher.m; sourceTree = SOURCE_ROOT; };
		CFCA4A1018ABA4320017C2ED /* VerificationResultCandidateCell.h */ = {isa = PBXFileReference; fileEncoding = 4; lastKnownFileType = sourcecode.c.h; name = VerificationResultCandidateCell.h; path = VVK/VerificationResultCandidateCell.h; sourceTree = SOURCE_ROOT; };
		CFCA4A1118ABA4320017C2ED /* VerificationResultCandidateCell.m */ = {isa = PBXFileReference; fileEncoding = 4; lastKnownFileType = sourcecode.c.objc; name = VerificationResultCandidateCell.m; path = VVK/VerificationResultCandidateCell.m; sourceTree = SOURCE_ROOT; };
		CFCA4A1318ABA4560017C2ED /* VerificationResultCandidateCell.xib */ = {isa = PBXFileReference; fileEncoding = 4; lastKnownFileType = file.xib; name = VerificationResultCandidateCell.xib; path = VVK/VerificationResultCandidateCell.xib; sourceTree = SOURCE_ROOT; };
		CFCA4A1518ABC4630017C2ED /* AuthenticationChallengeHandler.h */ = {isa = PBXFileReference; fileEncoding = 4; lastKnownFileType = sourcecode.c.h; name = AuthenticationChallengeHandler.h; path = VVK/AuthenticationChallengeHandler.h; sourceTree = SOURCE_ROOT; };
		CFCA4A1618ABC4630017C2ED /* AuthenticationChallengeHandler.m */ = {isa = PBXFileReference; fileEncoding = 4; lastKnownFileType = sourcecode.c.objc; name = AuthenticationChallengeHandler.m; path = VVK/AuthenticationChallengeHandler.m; sourceTree = SOURCE_ROOT; };
		CFCA4A1918ACC0110017C2ED /* HelpViewController.h */ = {isa = PBXFileReference; fileEncoding = 4; lastKnownFileType = sourcecode.c.h; name = HelpViewController.h; path = VVK/HelpViewController.h; sourceTree = SOURCE_ROOT; };
		CFCA4A1A18ACC0110017C2ED /* HelpViewController.m */ = {isa = PBXFileReference; fileEncoding = 4; lastKnownFileType = sourcecode.c.objc; name = HelpViewController.m; path = VVK/HelpViewController.m; sourceTree = SOURCE_ROOT; };
		CFCA4A1B18ACC0110017C2ED /* HelpViewController.xib */ = {isa = PBXFileReference; fileEncoding = 4; lastKnownFileType = file.xib; name = HelpViewController.xib; path = VVK/HelpViewController.xib; sourceTree = SOURCE_ROOT; };
		CFEB5B4A18D305D2003278CD /* btn_close.png */ = {isa = PBXFileReference; lastKnownFileType = image.png; name = btn_close.png; path = VVK/images/btn_close.png; sourceTree = SOURCE_ROOT; };
		CFEB5B4B18D305D2003278CD /* btn_close@2x.png */ = {isa = PBXFileReference; lastKnownFileType = image.png; name = "btn_close@2x.png"; path = "VVK/images/btn_close@2x.png"; sourceTree = SOURCE_ROOT; };
		EA10E62E1E4DC74B00411179 /* NSData+Hex.h */ = {isa = PBXFileReference; fileEncoding = 4; lastKnownFileType = sourcecode.c.h; name = "NSData+Hex.h"; path = "VVK/NSData+Hex.h"; sourceTree = SOURCE_ROOT; };
		EA10E62F1E4DC74B00411179 /* NSData+Hex.m */ = {isa = PBXFileReference; fileEncoding = 4; lastKnownFileType = sourcecode.c.objc; name = "NSData+Hex.m"; path = "VVK/NSData+Hex.m"; sourceTree = SOURCE_ROOT; };
		EA10E64A1E54591E00411179 /* aes.h */ = {isa = PBXFileReference; lastKnownFileType = sourcecode.c.h; path = aes.h; sourceTree = "<group>"; };
		EA10E64B1E54591E00411179 /* asn1.h */ = {isa = PBXFileReference; lastKnownFileType = sourcecode.c.h; path = asn1.h; sourceTree = "<group>"; };
		EA10E64C1E54591E00411179 /* asn1_mac.h */ = {isa = PBXFileReference; lastKnownFileType = sourcecode.c.h; path = asn1_mac.h; sourceTree = "<group>"; };
		EA10E64D1E54591E00411179 /* asn1t.h */ = {isa = PBXFileReference; lastKnownFileType = sourcecode.c.h; path = asn1t.h; sourceTree = "<group>"; };
		EA10E64E1E54591E00411179 /* bio.h */ = {isa = PBXFileReference; lastKnownFileType = sourcecode.c.h; path = bio.h; sourceTree = "<group>"; };
		EA10E64F1E54591E00411179 /* blowfish.h */ = {isa = PBXFileReference; lastKnownFileType = sourcecode.c.h; path = blowfish.h; sourceTree = "<group>"; };
		EA10E6501E54591E00411179 /* bn.h */ = {isa = PBXFileReference; lastKnownFileType = sourcecode.c.h; path = bn.h; sourceTree = "<group>"; };
		EA10E6511E54591E00411179 /* buffer.h */ = {isa = PBXFileReference; lastKnownFileType = sourcecode.c.h; path = buffer.h; sourceTree = "<group>"; };
		EA10E6521E54591E00411179 /* camellia.h */ = {isa = PBXFileReference; lastKnownFileType = sourcecode.c.h; path = camellia.h; sourceTree = "<group>"; };
		EA10E6531E54591E00411179 /* cast.h */ = {isa = PBXFileReference; lastKnownFileType = sourcecode.c.h; path = cast.h; sourceTree = "<group>"; };
		EA10E6541E54591E00411179 /* cmac.h */ = {isa = PBXFileReference; lastKnownFileType = sourcecode.c.h; path = cmac.h; sourceTree = "<group>"; };
		EA10E6551E54591E00411179 /* cms.h */ = {isa = PBXFileReference; lastKnownFileType = sourcecode.c.h; path = cms.h; sourceTree = "<group>"; };
		EA10E6561E54591E00411179 /* comp.h */ = {isa = PBXFileReference; lastKnownFileType = sourcecode.c.h; path = comp.h; sourceTree = "<group>"; };
		EA10E6571E54591E00411179 /* conf.h */ = {isa = PBXFileReference; lastKnownFileType = sourcecode.c.h; path = conf.h; sourceTree = "<group>"; };
		EA10E6581E54591E00411179 /* conf_api.h */ = {isa = PBXFileReference; lastKnownFileType = sourcecode.c.h; path = conf_api.h; sourceTree = "<group>"; };
		EA10E6591E54591E00411179 /* crypto.h */ = {isa = PBXFileReference; lastKnownFileType = sourcecode.c.h; path = crypto.h; sourceTree = "<group>"; };
		EA10E65A1E54591E00411179 /* des.h */ = {isa = PBXFileReference; lastKnownFileType = sourcecode.c.h; path = des.h; sourceTree = "<group>"; };
		EA10E65B1E54591E00411179 /* des_old.h */ = {isa = PBXFileReference; lastKnownFileType = sourcecode.c.h; path = des_old.h; sourceTree = "<group>"; };
		EA10E65C1E54591E00411179 /* dh.h */ = {isa = PBXFileReference; lastKnownFileType = sourcecode.c.h; path = dh.h; sourceTree = "<group>"; };
		EA10E65D1E54591E00411179 /* dsa.h */ = {isa = PBXFileReference; lastKnownFileType = sourcecode.c.h; path = dsa.h; sourceTree = "<group>"; };
		EA10E65E1E54591E00411179 /* dso.h */ = {isa = PBXFileReference; lastKnownFileType = sourcecode.c.h; path = dso.h; sourceTree = "<group>"; };
		EA10E65F1E54591E00411179 /* dtls1.h */ = {isa = PBXFileReference; lastKnownFileType = sourcecode.c.h; path = dtls1.h; sourceTree = "<group>"; };
		EA10E6601E54591E00411179 /* e_os2.h */ = {isa = PBXFileReference; lastKnownFileType = sourcecode.c.h; path = e_os2.h; sourceTree = "<group>"; };
		EA10E6611E54591E00411179 /* ebcdic.h */ = {isa = PBXFileReference; lastKnownFileType = sourcecode.c.h; path = ebcdic.h; sourceTree = "<group>"; };
		EA10E6621E54591E00411179 /* ec.h */ = {isa = PBXFileReference; lastKnownFileType = sourcecode.c.h; path = ec.h; sourceTree = "<group>"; };
		EA10E6631E54591E00411179 /* ecdh.h */ = {isa = PBXFileReference; lastKnownFileType = sourcecode.c.h; path = ecdh.h; sourceTree = "<group>"; };
		EA10E6641E54591E00411179 /* ecdsa.h */ = {isa = PBXFileReference; lastKnownFileType = sourcecode.c.h; path = ecdsa.h; sourceTree = "<group>"; };
		EA10E6651E54591E00411179 /* engine.h */ = {isa = PBXFileReference; lastKnownFileType = sourcecode.c.h; path = engine.h; sourceTree = "<group>"; };
		EA10E6661E54591E00411179 /* err.h */ = {isa = PBXFileReference; lastKnownFileType = sourcecode.c.h; path = err.h; sourceTree = "<group>"; };
		EA10E6671E54591E00411179 /* evp.h */ = {isa = PBXFileReference; lastKnownFileType = sourcecode.c.h; path = evp.h; sourceTree = "<group>"; };
		EA10E6681E54591E00411179 /* hmac.h */ = {isa = PBXFileReference; lastKnownFileType = sourcecode.c.h; path = hmac.h; sourceTree = "<group>"; };
		EA10E6691E54591E00411179 /* idea.h */ = {isa = PBXFileReference; lastKnownFileType = sourcecode.c.h; path = idea.h; sourceTree = "<group>"; };
		EA10E66A1E54591E00411179 /* krb5_asn.h */ = {isa = PBXFileReference; lastKnownFileType = sourcecode.c.h; path = krb5_asn.h; sourceTree = "<group>"; };
		EA10E66B1E54591E00411179 /* kssl.h */ = {isa = PBXFileReference; lastKnownFileType = sourcecode.c.h; path = kssl.h; sourceTree = "<group>"; };
		EA10E66C1E54591E00411179 /* lhash.h */ = {isa = PBXFileReference; lastKnownFileType = sourcecode.c.h; path = lhash.h; sourceTree = "<group>"; };
		EA10E66D1E54591E00411179 /* md4.h */ = {isa = PBXFileReference; lastKnownFileType = sourcecode.c.h; path = md4.h; sourceTree = "<group>"; };
		EA10E66E1E54591E00411179 /* md5.h */ = {isa = PBXFileReference; lastKnownFileType = sourcecode.c.h; path = md5.h; sourceTree = "<group>"; };
		EA10E66F1E54591E00411179 /* mdc2.h */ = {isa = PBXFileReference; lastKnownFileType = sourcecode.c.h; path = mdc2.h; sourceTree = "<group>"; };
		EA10E6701E54591E00411179 /* modes.h */ = {isa = PBXFileReference; lastKnownFileType = sourcecode.c.h; path = modes.h; sourceTree = "<group>"; };
		EA10E6711E54591E00411179 /* obj_mac.h */ = {isa = PBXFileReference; lastKnownFileType = sourcecode.c.h; path = obj_mac.h; sourceTree = "<group>"; };
		EA10E6721E54591E00411179 /* objects.h */ = {isa = PBXFileReference; lastKnownFileType = sourcecode.c.h; path = objects.h; sourceTree = "<group>"; };
		EA10E6731E54591E00411179 /* ocsp.h */ = {isa = PBXFileReference; lastKnownFileType = sourcecode.c.h; path = ocsp.h; sourceTree = "<group>"; };
		EA10E6741E54591E00411179 /* opensslconf.h */ = {isa = PBXFileReference; lastKnownFileType = sourcecode.c.h; path = opensslconf.h; sourceTree = "<group>"; };
		EA10E6751E54591E00411179 /* opensslv.h */ = {isa = PBXFileReference; lastKnownFileType = sourcecode.c.h; path = opensslv.h; sourceTree = "<group>"; };
		EA10E6761E54591E00411179 /* ossl_typ.h */ = {isa = PBXFileReference; lastKnownFileType = sourcecode.c.h; path = ossl_typ.h; sourceTree = "<group>"; };
		EA10E6771E54591E00411179 /* pem.h */ = {isa = PBXFileReference; lastKnownFileType = sourcecode.c.h; path = pem.h; sourceTree = "<group>"; };
		EA10E6781E54591E00411179 /* pem2.h */ = {isa = PBXFileReference; lastKnownFileType = sourcecode.c.h; path = pem2.h; sourceTree = "<group>"; };
		EA10E6791E54591E00411179 /* pkcs12.h */ = {isa = PBXFileReference; lastKnownFileType = sourcecode.c.h; path = pkcs12.h; sourceTree = "<group>"; };
		EA10E67A1E54591E00411179 /* pkcs7.h */ = {isa = PBXFileReference; lastKnownFileType = sourcecode.c.h; path = pkcs7.h; sourceTree = "<group>"; };
		EA10E67B1E54591E00411179 /* pqueue.h */ = {isa = PBXFileReference; lastKnownFileType = sourcecode.c.h; path = pqueue.h; sourceTree = "<group>"; };
		EA10E67C1E54591E00411179 /* rand.h */ = {isa = PBXFileReference; lastKnownFileType = sourcecode.c.h; path = rand.h; sourceTree = "<group>"; };
		EA10E67D1E54591E00411179 /* rc2.h */ = {isa = PBXFileReference; lastKnownFileType = sourcecode.c.h; path = rc2.h; sourceTree = "<group>"; };
		EA10E67E1E54591E00411179 /* rc4.h */ = {isa = PBXFileReference; lastKnownFileType = sourcecode.c.h; path = rc4.h; sourceTree = "<group>"; };
		EA10E67F1E54591E00411179 /* ripemd.h */ = {isa = PBXFileReference; lastKnownFileType = sourcecode.c.h; path = ripemd.h; sourceTree = "<group>"; };
		EA10E6801E54591E00411179 /* rsa.h */ = {isa = PBXFileReference; lastKnownFileType = sourcecode.c.h; path = rsa.h; sourceTree = "<group>"; };
		EA10E6811E54591E00411179 /* safestack.h */ = {isa = PBXFileReference; lastKnownFileType = sourcecode.c.h; path = safestack.h; sourceTree = "<group>"; };
		EA10E6821E54591E00411179 /* seed.h */ = {isa = PBXFileReference; lastKnownFileType = sourcecode.c.h; path = seed.h; sourceTree = "<group>"; };
		EA10E6831E54591E00411179 /* sha.h */ = {isa = PBXFileReference; lastKnownFileType = sourcecode.c.h; path = sha.h; sourceTree = "<group>"; };
		EA10E6841E54591E00411179 /* srp.h */ = {isa = PBXFileReference; lastKnownFileType = sourcecode.c.h; path = srp.h; sourceTree = "<group>"; };
		EA10E6851E54591E00411179 /* srtp.h */ = {isa = PBXFileReference; lastKnownFileType = sourcecode.c.h; path = srtp.h; sourceTree = "<group>"; };
		EA10E6861E54591E00411179 /* ssl.h */ = {isa = PBXFileReference; lastKnownFileType = sourcecode.c.h; path = ssl.h; sourceTree = "<group>"; };
		EA10E6871E54591E00411179 /* ssl2.h */ = {isa = PBXFileReference; lastKnownFileType = sourcecode.c.h; path = ssl2.h; sourceTree = "<group>"; };
		EA10E6881E54591E00411179 /* ssl23.h */ = {isa = PBXFileReference; lastKnownFileType = sourcecode.c.h; path = ssl23.h; sourceTree = "<group>"; };
		EA10E6891E54591E00411179 /* ssl3.h */ = {isa = PBXFileReference; lastKnownFileType = sourcecode.c.h; path = ssl3.h; sourceTree = "<group>"; };
		EA10E68A1E54591E00411179 /* stack.h */ = {isa = PBXFileReference; lastKnownFileType = sourcecode.c.h; path = stack.h; sourceTree = "<group>"; };
		EA10E68B1E54591E00411179 /* symhacks.h */ = {isa = PBXFileReference; lastKnownFileType = sourcecode.c.h; path = symhacks.h; sourceTree = "<group>"; };
		EA10E68C1E54591E00411179 /* tls1.h */ = {isa = PBXFileReference; lastKnownFileType = sourcecode.c.h; path = tls1.h; sourceTree = "<group>"; };
		EA10E68D1E54591E00411179 /* ts.h */ = {isa = PBXFileReference; lastKnownFileType = sourcecode.c.h; path = ts.h; sourceTree = "<group>"; };
		EA10E68E1E54591E00411179 /* txt_db.h */ = {isa = PBXFileReference; lastKnownFileType = sourcecode.c.h; path = txt_db.h; sourceTree = "<group>"; };
		EA10E68F1E54591E00411179 /* ui.h */ = {isa = PBXFileReference; lastKnownFileType = sourcecode.c.h; path = ui.h; sourceTree = "<group>"; };
		EA10E6901E54591E00411179 /* ui_compat.h */ = {isa = PBXFileReference; lastKnownFileType = sourcecode.c.h; path = ui_compat.h; sourceTree = "<group>"; };
		EA10E6911E54591E00411179 /* whrlpool.h */ = {isa = PBXFileReference; lastKnownFileType = sourcecode.c.h; path = whrlpool.h; sourceTree = "<group>"; };
		EA10E6921E54591E00411179 /* x509.h */ = {isa = PBXFileReference; lastKnownFileType = sourcecode.c.h; path = x509.h; sourceTree = "<group>"; };
		EA10E6931E54591E00411179 /* x509_vfy.h */ = {isa = PBXFileReference; lastKnownFileType = sourcecode.c.h; path = x509_vfy.h; sourceTree = "<group>"; };
		EA10E6941E54591E00411179 /* x509v3.h */ = {isa = PBXFileReference; lastKnownFileType = sourcecode.c.h; path = x509v3.h; sourceTree = "<group>"; };
		EA10E6961E54591E00411179 /* libcrypto.a */ = {isa = PBXFileReference; lastKnownFileType = archive.ar; path = libcrypto.a; sourceTree = "<group>"; };
		EA10E6971E54591E00411179 /* libssl.a */ = {isa = PBXFileReference; lastKnownFileType = archive.ar; path = libssl.a; sourceTree = "<group>"; };
		EA10E6BB1E549B8200411179 /* ElgamalPub.h */ = {isa = PBXFileReference; fileEncoding = 4; lastKnownFileType = sourcecode.c.h; name = ElgamalPub.h; path = VVK/ElgamalPub.h; sourceTree = SOURCE_ROOT; };
		EA10E6BC1E549B8200411179 /* ElgamalPub.m */ = {isa = PBXFileReference; fileEncoding = 4; lastKnownFileType = sourcecode.c.objc; name = ElgamalPub.m; path = VVK/ElgamalPub.m; sourceTree = SOURCE_ROOT; };
		EA10E6C01E5C63A700411179 /* Bdoc.h */ = {isa = PBXFileReference; fileEncoding = 4; lastKnownFileType = sourcecode.c.h; name = Bdoc.h; path = VVK/Bdoc.h; sourceTree = SOURCE_ROOT; };
		EA10E6C11E5C63A700411179 /* Bdoc.m */ = {isa = PBXFileReference; fileEncoding = 4; lastKnownFileType = sourcecode.c.objc; name = Bdoc.m; path = VVK/Bdoc.m; sourceTree = SOURCE_ROOT; };
		EA10E6C91E5C815D00411179 /* libZipZap.a */ = {isa = PBXFileReference; lastKnownFileType = archive.ar; name = libZipZap.a; path = VVK/libs/ZipZap/libZipZap.a; sourceTree = "<group>"; };
		EA2BD0721E4884960056055C /* TlsSocket.h */ = {isa = PBXFileReference; fileEncoding = 4; lastKnownFileType = sourcecode.c.h; name = TlsSocket.h; path = VVK/TlsSocket.h; sourceTree = SOURCE_ROOT; };
		EA2BD0731E4884960056055C /* TlsSocket.m */ = {isa = PBXFileReference; fileEncoding = 4; lastKnownFileType = sourcecode.c.objc; name = TlsSocket.m; path = VVK/TlsSocket.m; sourceTree = SOURCE_ROOT; };
		EA2BD0751E49FB150056055C /* JsonRpc.h */ = {isa = PBXFileReference; fileEncoding = 4; lastKnownFileType = sourcecode.c.h; name = JsonRpc.h; path = VVK/JsonRpc.h; sourceTree = SOURCE_ROOT; };
		EA2BD0761E49FB150056055C /* JsonRpc.m */ = {isa = PBXFileReference; fileEncoding = 4; lastKnownFileType = sourcecode.c.objc; name = JsonRpc.m; path = VVK/JsonRpc.m; sourceTree = SOURCE_ROOT; };
		EA3DDDF71F28900500D55F7B /* ESTEID-SK_2011.pem.crt */ = {isa = PBXFileReference; fileEncoding = 4; lastKnownFileType = text; name = "ESTEID-SK_2011.pem.crt"; path = "VVK/cert/ESTEID-SK_2011.pem.crt"; sourceTree = SOURCE_ROOT; };
		EA3DDDF81F28900500D55F7B /* ESTEID-SK_2015.pem.crt */ = {isa = PBXFileReference; fileEncoding = 4; lastKnownFileType = text; name = "ESTEID-SK_2015.pem.crt"; path = "VVK/cert/ESTEID-SK_2015.pem.crt"; sourceTree = SOURCE_ROOT; };
		EA415AAF1EEACF5F00A19F92 /* OcspHelper.h */ = {isa = PBXFileReference; fileEncoding = 4; lastKnownFileType = sourcecode.c.h; name = OcspHelper.h; path = VVK/OcspHelper.h; sourceTree = SOURCE_ROOT; };
		EA415AB01EEACF5F00A19F92 /* OcspHelper.m */ = {isa = PBXFileReference; fileEncoding = 4; lastKnownFileType = sourcecode.c.objc; name = OcspHelper.m; path = VVK/OcspHelper.m; sourceTree = SOURCE_ROOT; };
		EA61A7A21EF1679500165678 /* ElGamalCiphertext.c */ = {isa = PBXFileReference; fileEncoding = 4; lastKnownFileType = sourcecode.c.c; name = ElGamalCiphertext.c; path = VVK/ElGamalCiphertext.c; sourceTree = SOURCE_ROOT; };
		EA61A7A31EF1679500165678 /* ElGamalCiphertext.h */ = {isa = PBXFileReference; fileEncoding = 4; lastKnownFileType = sourcecode.c.h; name = ElGamalCiphertext.h; path = VVK/ElGamalCiphertext.h; sourceTree = SOURCE_ROOT; };
		EA61A7AB1F01351F00165678 /* PkixHelper.h */ = {isa = PBXFileReference; fileEncoding = 4; lastKnownFileType = sourcecode.c.h; name = PkixHelper.h; path = VVK/PkixHelper.h; sourceTree = SOURCE_ROOT; };
		EA61A7AC1F01352000165678 /* PkixHelper.m */ = {isa = PBXFileReference; fileEncoding = 4; lastKnownFileType = sourcecode.c.objc; name = PkixHelper.m; path = VVK/PkixHelper.m; sourceTree = SOURCE_ROOT; };
		EA8634891E5C91B000D843C9 /* libz.tbd */ = {isa = PBXFileReference; lastKnownFileType = "sourcecode.text-based-dylib-definition"; name = libz.tbd; path = usr/lib/libz.tbd; sourceTree = SDKROOT; };
		EA86348B1E646A4E00D843C9 /* libxml2.2.tbd */ = {isa = PBXFileReference; lastKnownFileType = "sourcecode.text-based-dylib-definition"; name = libxml2.2.tbd; path = usr/lib/libxml2.2.tbd; sourceTree = SDKROOT; };
		EA86C7341F26252100816BFE /* NSMutableArray+Shuffle.h */ = {isa = PBXFileReference; fileEncoding = 4; lastKnownFileType = sourcecode.c.h; name = "NSMutableArray+Shuffle.h"; path = "VVK/NSMutableArray+Shuffle.h"; sourceTree = SOURCE_ROOT; };
		EA86C7351F26252100816BFE /* NSMutableArray+Shuffle.m */ = {isa = PBXFileReference; fileEncoding = 4; lastKnownFileType = sourcecode.c.objc; name = "NSMutableArray+Shuffle.m"; path = "VVK/NSMutableArray+Shuffle.m"; sourceTree = SOURCE_ROOT; };
		EAAF61D01F1CE2ED006D077E /* PkixNonce.h */ = {isa = PBXFileReference; fileEncoding = 4; lastKnownFileType = sourcecode.c.h; name = PkixNonce.h; path = VVK/PkixNonce.h; sourceTree = SOURCE_ROOT; };
		EAAF61D11F1CE2ED006D077E /* PkixNonce.c */ = {isa = PBXFileReference; fileEncoding = 4; lastKnownFileType = sourcecode.c.c; name = PkixNonce.c; path = VVK/PkixNonce.c; sourceTree = SOURCE_ROOT; };
/* End PBXFileReference section */

/* Begin PBXFrameworksBuildPhase section */
		CF510B181896873300B13BAC /* Frameworks */ = {
			isa = PBXFrameworksBuildPhase;
			buildActionMask = 2147483647;
			files = (
				EA86348C1E646A4E00D843C9 /* libxml2.2.tbd in Frameworks */,
				EA86348A1E5C91B000D843C9 /* libz.tbd in Frameworks */,
				EA8634881E5C8DC900D843C9 /* libZipZap.a in Frameworks */,
				EA10E6B61E54592B00411179 /* libcrypto.a in Frameworks */,
				EA10E6B71E54592B00411179 /* libssl.a in Frameworks */,
				CF6F86EF1897B29D0021925E /* AVFoundation.framework in Frameworks */,
				CF510B211896873300B13BAC /* CoreGraphics.framework in Frameworks */,
				CF510B231896873300B13BAC /* UIKit.framework in Frameworks */,
				CF510B1F1896873300B13BAC /* Foundation.framework in Frameworks */,
			);
			runOnlyForDeploymentPostprocessing = 0;
		};
/* End PBXFrameworksBuildPhase section */

/* Begin PBXGroup section */
		CF39BE3618ACFF5900EDAD25 /* Images */ = {
			isa = PBXGroup;
			children = (
				CF48A47218FE70310062057A /* ico_76x76.png */,
				CF48A47318FE70310062057A /* ico_120x120.png */,
				CF48A47418FE70310062057A /* ico_152x152.png */,
				CF48A47518FE70310062057A /* icon_57.png */,
				CF48A47618FE70310062057A /* icon_114.png */,
				CF48A47718FE70310062057A /* icon_1024.png */,
				CFEB5B4A18D305D2003278CD /* btn_close.png */,
				CFEB5B4B18D305D2003278CD /* btn_close@2x.png */,
				CF39BE3718ACFF6200EDAD25 /* ico_note.png */,
				CF39BE3818ACFF6200EDAD25 /* ico_note@2x.png */,
				CF39BE3918ACFF6200EDAD25 /* spinner.png */,
				CF39BE3A18ACFF6200EDAD25 /* spinner@2x.png */,
			);
			name = Images;
			sourceTree = "<group>";
		};
		CF510B121896873300B13BAC = {
			isa = PBXGroup;
			children = (
				CF510B241896873300B13BAC /* VVK */,
				CF510B1D1896873300B13BAC /* Frameworks */,
				CF510B1C1896873300B13BAC /* Products */,
			);
			sourceTree = "<group>";
		};
		CF510B1C1896873300B13BAC /* Products */ = {
			isa = PBXGroup;
			children = (
				CF510B1B1896873300B13BAC /* EH kontrollrakendus.app */,
			);
			name = Products;
			sourceTree = "<group>";
		};
		CF510B1D1896873300B13BAC /* Frameworks */ = {
			isa = PBXGroup;
			children = (
				EA86348B1E646A4E00D843C9 /* libxml2.2.tbd */,
				EA8634891E5C91B000D843C9 /* libz.tbd */,
				EA10E6C91E5C815D00411179 /* libZipZap.a */,
				EA10E6451E54591E00411179 /* libs */,
				CF657DB018A392EF002C2394 /* libcrypto.a */,
				CF657DB118A392EF002C2394 /* libssl.a */,
				CF6F86EE1897B29D0021925E /* AVFoundation.framework */,
				CF510B1E1896873300B13BAC /* Foundation.framework */,
				CF510B201896873300B13BAC /* CoreGraphics.framework */,
				CF510B221896873300B13BAC /* UIKit.framework */,
			);
			name = Frameworks;
			sourceTree = "<group>";
		};
		CF510B241896873300B13BAC /* VVK */ = {
			isa = PBXGroup;
			children = (
				EA61A79E1EF164A900165678 /* Model */,
				CFCA4A1818ACBFF20017C2ED /* Help Screen */,
				CF8AF4B0189BB71600E19FB3 /* Utils */,
				CF8AF49F189A792F00E19FB3 /* Vote */,
				CF8AF48C1899084500E19FB3 /* Additions */,
				CF8AF488189907E000E19FB3 /* Custom Alert View */,
				CF6F86F41897C5150021925E /* Request */,
				CF6F86F01897BF1B0021925E /* Config */,
				CF657D9D189FC590002C2394 /* Vote Verification Results */,
				CF6F86E61897AFBD0021925E /* QR Code Scanner */,
				CF8AF4691898EFFB00E19FB3 /* AppDelegate.h */,
				CF8AF46A1898EFFB00E19FB3 /* AppDelegate.m */,
				CF510B251896873300B13BAC /* Supporting Files */,
			);
			name = VVK;
			path = iVotingVerification;
			sourceTree = "<group>";
		};
		CF510B251896873300B13BAC /* Supporting Files */ = {
			isa = PBXGroup;
			children = (
				3B24686D21AEB706001FC9A3 /* LaunchScreen.xib */,
				CF39BE3618ACFF5900EDAD25 /* Images */,
				CF8AF47F1898F05200E19FB3 /* main.m */,
				CF8AF4801898F05200E19FB3 /* VVK-Info.plist */,
				CF8AF4811898F05200E19FB3 /* VVK-Prefix.pch */,
				CF6F86FD1897EB630021925E /* cert */,
				CF6F86F81897CA700021925E /* conf */,
			);
			name = "Supporting Files";
			sourceTree = "<group>";
		};
		CF657D9D189FC590002C2394 /* Vote Verification Results */ = {
			isa = PBXGroup;
			children = (
				CFCA4A0F18ABA4050017C2ED /* Candidate Cell */,
				CF657D9E189FC5BC002C2394 /* VoteVerificationResultsViewController.h */,
				CF657D9F189FC5BC002C2394 /* VoteVerificationResultsViewController.m */,
				CF657DA0189FC5BC002C2394 /* VoteVerificationResultsViewController.xib */,
			);
			name = "Vote Verification Results";
			sourceTree = "<group>";
		};
		CF6F86E61897AFBD0021925E /* QR Code Scanner */ = {
			isa = PBXGroup;
			children = (
				CF657DA318A10D80002C2394 /* QRScanResult.h */,
				CF657DA418A10D80002C2394 /* QRScanResult.m */,
				CF8AF4771898F02C00E19FB3 /* ScannerViewController.h */,
				CF8AF4781898F02C00E19FB3 /* ScannerViewController.m */,
				CF8AF4791898F02C00E19FB3 /* ScannerViewController.xib */,
			);
			name = "QR Code Scanner";
			sourceTree = "<group>";
		};
		CF6F86F01897BF1B0021925E /* Config */ = {
			isa = PBXGroup;
			children = (
				CF8AF47C1898F03500E19FB3 /* Config.h */,
				CF8AF47D1898F03500E19FB3 /* Config.m */,
			);
			name = Config;
			sourceTree = "<group>";
		};
		CF6F86F41897C5150021925E /* Request */ = {
			isa = PBXGroup;
			children = (
				3BE786F91F98A5B700034531 /* DNSResolver.h */,
				3BE786FA1F98A5B800034531 /* DNSResolver.m */,
				CF8AF46E1898F00800E19FB3 /* Request.h */,
				CF8AF46F1898F00800E19FB3 /* Request.m */,
				CFCA4A1518ABC4630017C2ED /* AuthenticationChallengeHandler.h */,
				CFCA4A1618ABC4630017C2ED /* AuthenticationChallengeHandler.m */,
				EA2BD0721E4884960056055C /* TlsSocket.h */,
				EA2BD0731E4884960056055C /* TlsSocket.m */,
				EA2BD0751E49FB150056055C /* JsonRpc.h */,
				EA2BD0761E49FB150056055C /* JsonRpc.m */,
			);
			name = Request;
			sourceTree = "<group>";
		};
		CF6F86F81897CA700021925E /* conf */ = {
			isa = PBXGroup;
			children = (
				CF8AF4751898F02300E19FB3 /* config.txt */,
			);
			path = conf;
			sourceTree = "<group>";
		};
		CF6F86FD1897EB630021925E /* cert */ = {
			isa = PBXGroup;
			children = (
				3BA6882E21A5993700972490 /* conf_server_certificate.der.crt */,
				3BA6882821A5963200972490 /* esteid2018.pem.crt */,
				3BA6882A21A5963300972490 /* TEST_of_ESTEID2018.pem.crt */,
				3BAFBA461F30C5E200E5F92F /* TEST_of_ESTEID-SK_2011.pem.crt */,
				3BAFBA471F30C5E200E5F92F /* TEST_of_ESTEID-SK_2015.pem.crt */,
				EA3DDDF71F28900500D55F7B /* ESTEID-SK_2011.pem.crt */,
				EA3DDDF81F28900500D55F7B /* ESTEID-SK_2015.pem.crt */,
			);
			name = cert;
			sourceTree = "<group>";
		};
		CF8AF488189907E000E19FB3 /* Custom Alert View */ = {
			isa = PBXGroup;
			children = (
				CF8AF49018990F4000E19FB3 /* ALCustomAlertView.h */,
				CF8AF49118990F4000E19FB3 /* ALCustomAlertView.m */,
			);
			name = "Custom Alert View";
			sourceTree = "<group>";
		};
		CF8AF48C1899084500E19FB3 /* Additions */ = {
			isa = PBXGroup;
			children = (
				CF8AF4AD189A884400E19FB3 /* NSString+URLEncoding.h */,
				CF8AF4AE189A884400E19FB3 /* NSString+URLEncoding.m */,
				CF8AF49918994E6600E19FB3 /* UIColor+Hex.h */,
				CF8AF49A18994E6600E19FB3 /* UIColor+Hex.m */,
				EA10E62E1E4DC74B00411179 /* NSData+Hex.h */,
				EA10E62F1E4DC74B00411179 /* NSData+Hex.m */,
				EA86C7341F26252100816BFE /* NSMutableArray+Shuffle.h */,
				EA86C7351F26252100816BFE /* NSMutableArray+Shuffle.m */,
			);
			name = Additions;
			sourceTree = "<group>";
		};
		CF8AF49F189A792F00E19FB3 /* Vote */ = {
			isa = PBXGroup;
			children = (
				CF8AF4AA189A877B00E19FB3 /* VoteContainer.h */,
				CF8AF4AB189A877B00E19FB3 /* VoteContainer.m */,
			);
			name = Vote;
			sourceTree = "<group>";
		};
		CF8AF4B0189BB71600E19FB3 /* Utils */ = {
			isa = PBXGroup;
			children = (
				CF8AF4B1189BB72A00E19FB3 /* RegexMatcher.h */,
				CF8AF4B2189BB72A00E19FB3 /* RegexMatcher.m */,
				CF657DA618A1269F002C2394 /* Crypto.h */,
				CF657DA718A1269F002C2394 /* Crypto.m */,
				EA10E6BB1E549B8200411179 /* ElgamalPub.h */,
				EA10E6BC1E549B8200411179 /* ElgamalPub.m */,
				EA10E6C01E5C63A700411179 /* Bdoc.h */,
				EA10E6C11E5C63A700411179 /* Bdoc.m */,
				EA415AAF1EEACF5F00A19F92 /* OcspHelper.h */,
				EA415AB01EEACF5F00A19F92 /* OcspHelper.m */,
				EA61A7AB1F01351F00165678 /* PkixHelper.h */,
				EA61A7AC1F01352000165678 /* PkixHelper.m */,
			);
			name = Utils;
			sourceTree = "<group>";
		};
		CFCA4A0F18ABA4050017C2ED /* Candidate Cell */ = {
			isa = PBXGroup;
			children = (
				CFCA4A1018ABA4320017C2ED /* VerificationResultCandidateCell.h */,
				CFCA4A1118ABA4320017C2ED /* VerificationResultCandidateCell.m */,
				CFCA4A1318ABA4560017C2ED /* VerificationResultCandidateCell.xib */,
			);
			name = "Candidate Cell";
			sourceTree = "<group>";
		};
		CFCA4A1818ACBFF20017C2ED /* Help Screen */ = {
			isa = PBXGroup;
			children = (
				CFCA4A1918ACC0110017C2ED /* HelpViewController.h */,
				CFCA4A1A18ACC0110017C2ED /* HelpViewController.m */,
				CFCA4A1B18ACC0110017C2ED /* HelpViewController.xib */,
			);
			name = "Help Screen";
			sourceTree = "<group>";
		};
		EA10E6451E54591E00411179 /* libs */ = {
			isa = PBXGroup;
			children = (
				EA10E6461E54591E00411179 /* openssl */,
			);
			name = libs;
			path = VVK/libs;
			sourceTree = "<group>";
		};
		EA10E6461E54591E00411179 /* openssl */ = {
			isa = PBXGroup;
			children = (
				EA10E6471E54591E00411179 /* include */,
				EA10E6951E54591E00411179 /* lib */,
			);
			path = openssl;
			sourceTree = "<group>";
		};
		EA10E6471E54591E00411179 /* include */ = {
			isa = PBXGroup;
			children = (
				EA10E6491E54591E00411179 /* openssl */,
			);
			path = include;
			sourceTree = "<group>";
		};
		EA10E6491E54591E00411179 /* openssl */ = {
			isa = PBXGroup;
			children = (
				EA10E64A1E54591E00411179 /* aes.h */,
				EA10E64B1E54591E00411179 /* asn1.h */,
				EA10E64C1E54591E00411179 /* asn1_mac.h */,
				EA10E64D1E54591E00411179 /* asn1t.h */,
				EA10E64E1E54591E00411179 /* bio.h */,
				EA10E64F1E54591E00411179 /* blowfish.h */,
				EA10E6501E54591E00411179 /* bn.h */,
				EA10E6511E54591E00411179 /* buffer.h */,
				EA10E6521E54591E00411179 /* camellia.h */,
				EA10E6531E54591E00411179 /* cast.h */,
				EA10E6541E54591E00411179 /* cmac.h */,
				EA10E6551E54591E00411179 /* cms.h */,
				EA10E6561E54591E00411179 /* comp.h */,
				EA10E6571E54591E00411179 /* conf.h */,
				EA10E6581E54591E00411179 /* conf_api.h */,
				EA10E6591E54591E00411179 /* crypto.h */,
				EA10E65A1E54591E00411179 /* des.h */,
				EA10E65B1E54591E00411179 /* des_old.h */,
				EA10E65C1E54591E00411179 /* dh.h */,
				EA10E65D1E54591E00411179 /* dsa.h */,
				EA10E65E1E54591E00411179 /* dso.h */,
				EA10E65F1E54591E00411179 /* dtls1.h */,
				EA10E6601E54591E00411179 /* e_os2.h */,
				EA10E6611E54591E00411179 /* ebcdic.h */,
				EA10E6621E54591E00411179 /* ec.h */,
				EA10E6631E54591E00411179 /* ecdh.h */,
				EA10E6641E54591E00411179 /* ecdsa.h */,
				EA10E6651E54591E00411179 /* engine.h */,
				EA10E6661E54591E00411179 /* err.h */,
				EA10E6671E54591E00411179 /* evp.h */,
				EA10E6681E54591E00411179 /* hmac.h */,
				EA10E6691E54591E00411179 /* idea.h */,
				EA10E66A1E54591E00411179 /* krb5_asn.h */,
				EA10E66B1E54591E00411179 /* kssl.h */,
				EA10E66C1E54591E00411179 /* lhash.h */,
				EA10E66D1E54591E00411179 /* md4.h */,
				EA10E66E1E54591E00411179 /* md5.h */,
				EA10E66F1E54591E00411179 /* mdc2.h */,
				EA10E6701E54591E00411179 /* modes.h */,
				EA10E6711E54591E00411179 /* obj_mac.h */,
				EA10E6721E54591E00411179 /* objects.h */,
				EA10E6731E54591E00411179 /* ocsp.h */,
				EA10E6741E54591E00411179 /* opensslconf.h */,
				EA10E6751E54591E00411179 /* opensslv.h */,
				EA10E6761E54591E00411179 /* ossl_typ.h */,
				EA10E6771E54591E00411179 /* pem.h */,
				EA10E6781E54591E00411179 /* pem2.h */,
				EA10E6791E54591E00411179 /* pkcs12.h */,
				EA10E67A1E54591E00411179 /* pkcs7.h */,
				EA10E67B1E54591E00411179 /* pqueue.h */,
				EA10E67C1E54591E00411179 /* rand.h */,
				EA10E67D1E54591E00411179 /* rc2.h */,
				EA10E67E1E54591E00411179 /* rc4.h */,
				EA10E67F1E54591E00411179 /* ripemd.h */,
				EA10E6801E54591E00411179 /* rsa.h */,
				EA10E6811E54591E00411179 /* safestack.h */,
				EA10E6821E54591E00411179 /* seed.h */,
				EA10E6831E54591E00411179 /* sha.h */,
				EA10E6841E54591E00411179 /* srp.h */,
				EA10E6851E54591E00411179 /* srtp.h */,
				EA10E6861E54591E00411179 /* ssl.h */,
				EA10E6871E54591E00411179 /* ssl2.h */,
				EA10E6881E54591E00411179 /* ssl23.h */,
				EA10E6891E54591E00411179 /* ssl3.h */,
				EA10E68A1E54591E00411179 /* stack.h */,
				EA10E68B1E54591E00411179 /* symhacks.h */,
				EA10E68C1E54591E00411179 /* tls1.h */,
				EA10E68D1E54591E00411179 /* ts.h */,
				EA10E68E1E54591E00411179 /* txt_db.h */,
				EA10E68F1E54591E00411179 /* ui.h */,
				EA10E6901E54591E00411179 /* ui_compat.h */,
				EA10E6911E54591E00411179 /* whrlpool.h */,
				EA10E6921E54591E00411179 /* x509.h */,
				EA10E6931E54591E00411179 /* x509_vfy.h */,
				EA10E6941E54591E00411179 /* x509v3.h */,
			);
			path = openssl;
			sourceTree = "<group>";
		};
		EA10E6951E54591E00411179 /* lib */ = {
			isa = PBXGroup;
			children = (
				EA10E6961E54591E00411179 /* libcrypto.a */,
				EA10E6971E54591E00411179 /* libssl.a */,
			);
			path = lib;
			sourceTree = "<group>";
		};
		EA61A79E1EF164A900165678 /* Model */ = {
			isa = PBXGroup;
			children = (
				EA61A7A31EF1679500165678 /* ElGamalCiphertext.h */,
				EA61A7A21EF1679500165678 /* ElGamalCiphertext.c */,
				EAAF61D01F1CE2ED006D077E /* PkixNonce.h */,
				EAAF61D11F1CE2ED006D077E /* PkixNonce.c */,
			);
			name = Model;
			sourceTree = "<group>";
		};
/* End PBXGroup section */

/* Begin PBXNativeTarget section */
		CF510B1A1896873300B13BAC /* VVK */ = {
			isa = PBXNativeTarget;
			buildConfigurationList = CF510B471896873400B13BAC /* Build configuration list for PBXNativeTarget "VVK" */;
			buildPhases = (
				CF510B171896873300B13BAC /* Sources */,
				CF510B181896873300B13BAC /* Frameworks */,
				CF510B191896873300B13BAC /* Resources */,
			);
			buildRules = (
			);
			dependencies = (
			);
			name = VVK;
			productName = iVotingVerification;
			productReference = CF510B1B1896873300B13BAC /* EH kontrollrakendus.app */;
			productType = "com.apple.product-type.application";
		};
/* End PBXNativeTarget section */

/* Begin PBXProject section */
		CF510B131896873300B13BAC /* Project object */ = {
			isa = PBXProject;
			attributes = {
				CLASSPREFIX = "";
				LastUpgradeCheck = 1010;
				ORGANIZATIONNAME = "";
				TargetAttributes = {
					CF510B1A1896873300B13BAC = {
						DevelopmentTeam = 5YYXE2JG54;
						ProvisioningStyle = Automatic;
					};
				};
			};
			buildConfigurationList = CF510B161896873300B13BAC /* Build configuration list for PBXProject "VVK" */;
			compatibilityVersion = "Xcode 8.0";
			developmentRegion = English;
			hasScannedForEncodings = 0;
			knownRegions = (
				en,
			);
			mainGroup = CF510B121896873300B13BAC;
			productRefGroup = CF510B1C1896873300B13BAC /* Products */;
			projectDirPath = "";
			projectRoot = "";
			targets = (
				CF510B1A1896873300B13BAC /* VVK */,
			);
		};
/* End PBXProject section */

/* Begin PBXResourcesBuildPhase section */
		CF510B191896873300B13BAC /* Resources */ = {
			isa = PBXResourcesBuildPhase;
			buildActionMask = 2147483647;
			files = (
				CF48A47F18FE70310062057A /* icon_114.png in Resources */,
				CF39BE3E18ACFF6200EDAD25 /* spinner@2x.png in Resources */,
				CF39BE3D18ACFF6200EDAD25 /* spinner.png in Resources */,
				CF39BE3B18ACFF6200EDAD25 /* ico_note.png in Resources */,
				CFCA4A1418ABA4560017C2ED /* VerificationResultCandidateCell.xib in Resources */,
				CFEB5B4D18D305D2003278CD /* btn_close@2x.png in Resources */,
				CF48A48018FE70310062057A /* icon_1024.png in Resources */,
				EA3DDDFA1F28900500D55F7B /* ESTEID-SK_2015.pem.crt in Resources */,
				EA3DDDF91F28900500D55F7B /* ESTEID-SK_2011.pem.crt in Resources */,
				CFCA4A1D18ACC0110017C2ED /* HelpViewController.xib in Resources */,
				3BA6882D21A5963300972490 /* TEST_of_ESTEID2018.pem.crt in Resources */,
				CFEB5B4C18D305D2003278CD /* btn_close.png in Resources */,
				CF8AF4761898F02300E19FB3 /* config.txt in Resources */,
				3BAFBA481F30C5E200E5F92F /* TEST_of_ESTEID-SK_2011.pem.crt in Resources */,
				CF8AF47B1898F02C00E19FB3 /* ScannerViewController.xib in Resources */,
				CF48A47C18FE70310062057A /* ico_120x120.png in Resources */,
				3BA6882B21A5963300972490 /* esteid2018.pem.crt in Resources */,
				CF48A47D18FE70310062057A /* ico_152x152.png in Resources */,
				3BA6882F21A5993700972490 /* conf_server_certificate.der.crt in Resources */,
				CF48A47B18FE70310062057A /* ico_76x76.png in Resources */,
				CF39BE3C18ACFF6200EDAD25 /* ico_note@2x.png in Resources */,
				3B24686E21AEB706001FC9A3 /* LaunchScreen.xib in Resources */,
				3BAFBA491F30C5E200E5F92F /* TEST_of_ESTEID-SK_2015.pem.crt in Resources */,
				CF48A47E18FE70310062057A /* icon_57.png in Resources */,
				CF657DA2189FC5BC002C2394 /* VoteVerificationResultsViewController.xib in Resources */,
			);
			runOnlyForDeploymentPostprocessing = 0;
		};
/* End PBXResourcesBuildPhase section */

/* Begin PBXSourcesBuildPhase section */
		CF510B171896873300B13BAC /* Sources */ = {
			isa = PBXSourcesBuildPhase;
			buildActionMask = 2147483647;
			files = (
				CF657DA818A1269F002C2394 /* Crypto.m in Sources */,
				CF8AF4AF189A884400E19FB3 /* NSString+URLEncoding.m in Sources */,
				EA10E6C21E5C63A800411179 /* Bdoc.m in Sources */,
				EA10E6BD1E549B8200411179 /* ElgamalPub.m in Sources */,
				CF8AF4AC189A877B00E19FB3 /* VoteContainer.m in Sources */,
				3BE786FB1F98A5B900034531 /* DNSResolver.m in Sources */,
				CF657DA1189FC5BC002C2394 /* VoteVerificationResultsViewController.m in Sources */,
				CF8AF4821898F05200E19FB3 /* main.m in Sources */,
				CF8AF4701898F00800E19FB3 /* Request.m in Sources */,
				CF8AF47E1898F03500E19FB3 /* Config.m in Sources */,
				CFCA4A1C18ACC0110017C2ED /* HelpViewController.m in Sources */,
				EA415AB11EEACF6000A19F92 /* OcspHelper.m in Sources */,
				CF657DA518A10D81002C2394 /* QRScanResult.m in Sources */,
				EA10E6301E4DC74B00411179 /* NSData+Hex.m in Sources */,
				CFCA4A1218ABA4320017C2ED /* VerificationResultCandidateCell.m in Sources */,
				CFCA4A1718ABC4630017C2ED /* AuthenticationChallengeHandler.m in Sources */,
				EA61A7A41EF1679500165678 /* ElGamalCiphertext.c in Sources */,
				CF8AF46C1898EFFB00E19FB3 /* AppDelegate.m in Sources */,
				CF8AF49B18994E6600E19FB3 /* UIColor+Hex.m in Sources */,
				EA2BD0771E49FB150056055C /* JsonRpc.m in Sources */,
				EAAF61D21F1CE2ED006D077E /* PkixNonce.c in Sources */,
				EA86C7361F26252100816BFE /* NSMutableArray+Shuffle.m in Sources */,
				EA61A7AD1F01352000165678 /* PkixHelper.m in Sources */,
				EA2BD0741E4884960056055C /* TlsSocket.m in Sources */,
				CF8AF47A1898F02C00E19FB3 /* ScannerViewController.m in Sources */,
				CF8AF4B3189BB72A00E19FB3 /* RegexMatcher.m in Sources */,
				CF8AF49218990F4000E19FB3 /* ALCustomAlertView.m in Sources */,
			);
			runOnlyForDeploymentPostprocessing = 0;
		};
/* End PBXSourcesBuildPhase section */

/* Begin XCBuildConfiguration section */
		CF510B451896873400B13BAC /* Debug */ = {
			isa = XCBuildConfiguration;
			buildSettings = {
				ALWAYS_EMBED_SWIFT_STANDARD_LIBRARIES = NO;
				ALWAYS_SEARCH_USER_PATHS = NO;
				CLANG_CXX_LANGUAGE_STANDARD = "gnu++0x";
				CLANG_CXX_LIBRARY = "libc++";
				CLANG_ENABLE_MODULES = YES;
				CLANG_ENABLE_OBJC_ARC = YES;
				CLANG_WARN_BLOCK_CAPTURE_AUTORELEASING = YES;
				CLANG_WARN_BOOL_CONVERSION = YES;
				CLANG_WARN_COMMA = YES;
				CLANG_WARN_CONSTANT_CONVERSION = YES;
				CLANG_WARN_DEPRECATED_OBJC_IMPLEMENTATIONS = YES;
				CLANG_WARN_DIRECT_OBJC_ISA_USAGE = YES_ERROR;
				CLANG_WARN_EMPTY_BODY = YES;
				CLANG_WARN_ENUM_CONVERSION = YES;
				CLANG_WARN_INFINITE_RECURSION = YES;
				CLANG_WARN_INT_CONVERSION = YES;
				CLANG_WARN_NON_LITERAL_NULL_CONVERSION = YES;
				CLANG_WARN_OBJC_IMPLICIT_RETAIN_SELF = YES;
				CLANG_WARN_OBJC_LITERAL_CONVERSION = YES;
				CLANG_WARN_OBJC_ROOT_CLASS = YES_ERROR;
				CLANG_WARN_RANGE_LOOP_ANALYSIS = YES;
				CLANG_WARN_STRICT_PROTOTYPES = YES;
				CLANG_WARN_SUSPICIOUS_MOVE = YES;
				CLANG_WARN_UNREACHABLE_CODE = YES;
				CLANG_WARN__DUPLICATE_METHOD_MATCH = YES;
				"CODE_SIGN_IDENTITY[sdk=iphoneos*]" = "iPhone Developer";
				COPY_PHASE_STRIP = NO;
				ENABLE_STRICT_OBJC_MSGSEND = YES;
				ENABLE_TESTABILITY = YES;
				GCC_C_LANGUAGE_STANDARD = gnu11;
				GCC_DYNAMIC_NO_PIC = NO;
				GCC_NO_COMMON_BLOCKS = YES;
				GCC_OPTIMIZATION_LEVEL = 0;
				GCC_PREPROCESSOR_DEFINITIONS = (
					"DEBUG=1",
					"$(inherited)",
				);
				GCC_SYMBOLS_PRIVATE_EXTERN = NO;
				GCC_WARN_64_TO_32_BIT_CONVERSION = YES;
				GCC_WARN_ABOUT_RETURN_TYPE = YES_ERROR;
				GCC_WARN_UNDECLARED_SELECTOR = YES;
				GCC_WARN_UNINITIALIZED_AUTOS = YES;
				GCC_WARN_UNUSED_FUNCTION = YES;
				GCC_WARN_UNUSED_VARIABLE = YES;
				IPHONEOS_DEPLOYMENT_TARGET = 8.0;
				ONLY_ACTIVE_ARCH = YES;
				SDKROOT = iphoneos;
			};
			name = Debug;
		};
		CF510B461896873400B13BAC /* Release */ = {
			isa = XCBuildConfiguration;
			buildSettings = {
				ALWAYS_EMBED_SWIFT_STANDARD_LIBRARIES = NO;
				ALWAYS_SEARCH_USER_PATHS = NO;
				CLANG_CXX_LANGUAGE_STANDARD = "gnu++0x";
				CLANG_CXX_LIBRARY = "libc++";
				CLANG_ENABLE_MODULES = YES;
				CLANG_ENABLE_OBJC_ARC = YES;
				CLANG_WARN_BLOCK_CAPTURE_AUTORELEASING = YES;
				CLANG_WARN_BOOL_CONVERSION = YES;
				CLANG_WARN_COMMA = YES;
				CLANG_WARN_CONSTANT_CONVERSION = YES;
				CLANG_WARN_DEPRECATED_OBJC_IMPLEMENTATIONS = YES;
				CLANG_WARN_DIRECT_OBJC_ISA_USAGE = YES_ERROR;
				CLANG_WARN_EMPTY_BODY = YES;
				CLANG_WARN_ENUM_CONVERSION = YES;
				CLANG_WARN_INFINITE_RECURSION = YES;
				CLANG_WARN_INT_CONVERSION = YES;
				CLANG_WARN_NON_LITERAL_NULL_CONVERSION = YES;
				CLANG_WARN_OBJC_IMPLICIT_RETAIN_SELF = YES;
				CLANG_WARN_OBJC_LITERAL_CONVERSION = YES;
				CLANG_WARN_OBJC_ROOT_CLASS = YES_ERROR;
				CLANG_WARN_RANGE_LOOP_ANALYSIS = YES;
				CLANG_WARN_STRICT_PROTOTYPES = YES;
				CLANG_WARN_SUSPICIOUS_MOVE = YES;
				CLANG_WARN_UNREACHABLE_CODE = YES;
				CLANG_WARN__DUPLICATE_METHOD_MATCH = YES;
				"CODE_SIGN_IDENTITY[sdk=iphoneos*]" = "iPhone Developer";
				COPY_PHASE_STRIP = YES;
				ENABLE_NS_ASSERTIONS = NO;
				ENABLE_STRICT_OBJC_MSGSEND = YES;
				GCC_C_LANGUAGE_STANDARD = gnu11;
				GCC_NO_COMMON_BLOCKS = YES;
				GCC_WARN_64_TO_32_BIT_CONVERSION = YES;
				GCC_WARN_ABOUT_RETURN_TYPE = YES_ERROR;
				GCC_WARN_UNDECLARED_SELECTOR = YES;
				GCC_WARN_UNINITIALIZED_AUTOS = YES;
				GCC_WARN_UNUSED_FUNCTION = YES;
				GCC_WARN_UNUSED_VARIABLE = YES;
				IPHONEOS_DEPLOYMENT_TARGET = 8.0;
				SDKROOT = iphoneos;
				VALIDATE_PRODUCT = YES;
			};
			name = Release;
		};
		CF510B481896873400B13BAC /* Debug */ = {
			isa = XCBuildConfiguration;
			buildSettings = {
				"CODE_SIGN_IDENTITY[sdk=iphoneos*]" = "iPhone Developer";
				CODE_SIGN_STYLE = Automatic;
				DEVELOPMENT_TEAM = "";
				FRAMEWORK_SEARCH_PATHS = (
					"$(inherited)",
					"$(PROJECT_DIR)",
				);
				GCC_PRECOMPILE_PREFIX_HEADER = YES;
				GCC_PREFIX_HEADER = "VVK/VVK-Prefix.pch";
				HEADER_SEARCH_PATHS = (
					"$(inherited)",
					"$(SRCROOT)/VVK/libs/openssl/include",
					"$(SRCROOT)/VVK/libs/ZipZap/include",
					"$(SDKROOT)/usr/include/libxml2",
				);
				INFOPLIST_FILE = "VVK/VVK-Info.plist";
				IPHONEOS_DEPLOYMENT_TARGET = 8.0;
				LIBRARY_SEARCH_PATHS = (
					"$(inherited)",
					"$(SRCROOT)/VVK/libs",
					"$(SRCROOT)/VVK/libs/openssl/lib",
					"$(PROJECT_DIR)/VVK/libs/openssl/lib",
					"$(PROJECT_DIR)/VVK/libs/ZipZap",
				);
				ONLY_ACTIVE_ARCH = NO;
				PRODUCT_BUNDLE_IDENTIFIER = ee.cyber.ivote.verify;
				PRODUCT_NAME = "EH kontrollrakendus";
				PROVISIONING_PROFILE = "";
				PROVISIONING_PROFILE_SPECIFIER = "";
				TARGETED_DEVICE_FAMILY = 1;
				VALID_ARCHS = "armv7 arm64 armv7s";
				WRAPPER_EXTENSION = app;
			};
			name = Debug;
		};
		CF510B491896873400B13BAC /* Release */ = {
			isa = XCBuildConfiguration;
			buildSettings = {
				"CODE_SIGN_IDENTITY[sdk=iphoneos*]" = "iPhone Developer";
				CODE_SIGN_STYLE = Automatic;
				DEVELOPMENT_TEAM = "";
				FRAMEWORK_SEARCH_PATHS = (
					"$(inherited)",
					"$(PROJECT_DIR)",
				);
				GCC_PRECOMPILE_PREFIX_HEADER = YES;
				GCC_PREFIX_HEADER = "VVK/VVK-Prefix.pch";
				HEADER_SEARCH_PATHS = (
					"$(inherited)",
					"$(SRCROOT)/VVK/libs/openssl/include",
					"$(SRCROOT)/VVK/libs/ZipZap/include",
					"$(SDKROOT)/usr/include/libxml2",
				);
				INFOPLIST_FILE = "VVK/VVK-Info.plist";
				IPHONEOS_DEPLOYMENT_TARGET = 8.0;
				LIBRARY_SEARCH_PATHS = (
					"$(inherited)",
					"$(SRCROOT)/VVK/libs",
					"$(SRCROOT)/VVK/libs/openssl/lib",
					"$(PROJECT_DIR)/VVK/libs/openssl/lib",
					"$(PROJECT_DIR)/VVK/libs/ZipZap",
				);
				ONLY_ACTIVE_ARCH = NO;
				PRODUCT_BUNDLE_IDENTIFIER = ee.cyber.ivote.verify;
				PRODUCT_NAME = "EH kontrollrakendus";
				PROVISIONING_PROFILE = "";
				PROVISIONING_PROFILE_SPECIFIER = "";
				TARGETED_DEVICE_FAMILY = 1;
				VALID_ARCHS = "armv7 arm64 armv7s";
				WRAPPER_EXTENSION = app;
			};
			name = Release;
		};
/* End XCBuildConfiguration section */

/* Begin XCConfigurationList section */
		CF510B161896873300B13BAC /* Build configuration list for PBXProject "VVK" */ = {
			isa = XCConfigurationList;
			buildConfigurations = (
				CF510B451896873400B13BAC /* Debug */,
				CF510B461896873400B13BAC /* Release */,
			);
			defaultConfigurationIsVisible = 0;
			defaultConfigurationName = Release;
		};
		CF510B471896873400B13BAC /* Build configuration list for PBXNativeTarget "VVK" */ = {
			isa = XCConfigurationList;
			buildConfigurations = (
				CF510B481896873400B13BAC /* Debug */,
				CF510B491896873400B13BAC /* Release */,
			);
			defaultConfigurationIsVisible = 0;
			defaultConfigurationName = Release;
		};
/* End XCConfigurationList section */
	};
	rootObject = CF510B131896873300B13BAC /* Project object */;
}
